
Microsoft Visual Studio Solution File, Format Version 12.00
# Visual Studio 14
VisualStudioVersion = 14.0.23107.0
MinimumVisualStudioVersion = 10.0.40219.1
Project("{FAE04EC0-301F-11D3-BF4B-00C04F79EFBC}") = "JRECars", "JRECars\JRECars.csproj", "{39D29A94-32D1-44F6-A57E-EF391E7F4382}"
EndProject
Project("{FAE04EC0-301F-11D3-BF4B-00C04F79EFBC}") = "Data", "Data\Data.csproj", "{CF4BA071-1CC4-46B4-88A3-9B5387CACA22}"
EndProject
Global
	GlobalSection(SolutionConfigurationPlatforms) = preSolution
		Debug|Any CPU = Debug|Any CPU
		Release|Any CPU = Release|Any CPU
	EndGlobalSection
	GlobalSection(ProjectConfigurationPlatforms) = postSolution
		{39D29A94-32D1-44F6-A57E-EF391E7F4382}.Debug|Any CPU.ActiveCfg = Debug|Any CPU
		{39D29A94-32D1-44F6-A57E-EF391E7F4382}.Debug|Any CPU.Build.0 = Debug|Any CPU
		{39D29A94-32D1-44F6-A57E-EF391E7F4382}.Release|Any CPU.ActiveCfg = Release|Any CPU
		{39D29A94-32D1-44F6-A57E-EF391E7F4382}.Release|Any CPU.Build.0 = Release|Any CPU
		{CF4BA071-1CC4-46B4-88A3-9B5387CACA22}.Debug|Any CPU.ActiveCfg = Debug|Any CPU
		{CF4BA071-1CC4-46B4-88A3-9B5387CACA22}.Debug|Any CPU.Build.0 = Debug|Any CPU
		{CF4BA071-1CC4-46B4-88A3-9B5387CACA22}.Release|Any CPU.ActiveCfg = Release|Any CPU
		{CF4BA071-1CC4-46B4-88A3-9B5387CACA22}.Release|Any CPU.Build.0 = Release|Any CPU
	EndGlobalSection
	GlobalSection(SolutionProperties) = preSolution
		HideSolutionNode = FALSE
	EndGlobalSection
EndGlobal
